
Microsoft Visual Studio Solution File, Format Version 12.00
# Visual Studio 2013
VisualStudioVersion = 12.0.21005.1
MinimumVisualStudioVersion = 10.0.40219.1
Project("{2150E333-8FDC-42A3-9474-1A3956D46DE8}") = "Client", "Client", "{CD72ACAF-D3F9-40A4-8252-71B453A0CF25}"
EndProject
Project("{2150E333-8FDC-42A3-9474-1A3956D46DE8}") = "Server", "Server", "{1A93E670-677E-4A67-8BAB-42FEC3217D10}"
EndProject
Project("{2150E333-8FDC-42A3-9474-1A3956D46DE8}") = "Installation", "Installation", "{CFC96017-1C36-4109-8BB0-099857D272D2}"
EndProject
Project("{2150E333-8FDC-42A3-9474-1A3956D46DE8}") = "Outlook Add-In", "Outlook Add-In", "{79ECA4C9-F726-4F02-874E-D8B045FA1EDF}"
EndProject
Project("{FAE04EC0-301F-11D3-BF4B-00C04F79EFBC}") = "TIS.Framework", "TIS.Framework\TIS.Framework.csproj", "{4EC49B46-2EE5-42E1-887B-76D3681E33D1}"
EndProject
Project("{FAE04EC0-301F-11D3-BF4B-00C04F79EFBC}") = "TIS.DATA", "TIS.DATA\TIS.DATA.csproj", "{69074938-9E8F-478A-BCC7-0133980E6DDB}"
	ProjectSection(ProjectDependencies) = postProject
		{4EC49B46-2EE5-42E1-887B-76D3681E33D1} = {4EC49B46-2EE5-42E1-887B-76D3681E33D1}
		{7592A856-E0D9-4997-A601-DF7058434DF0} = {7592A856-E0D9-4997-A601-DF7058434DF0}
	EndProjectSection
EndProject
Project("{FAE04EC0-301F-11D3-BF4B-00C04F79EFBC}") = "TIS.DL", "TIS.DL\TIS.DL.csproj", "{7592A856-E0D9-4997-A601-DF7058434DF0}"
	ProjectSection(ProjectDependencies) = postProject
		{4EC49B46-2EE5-42E1-887B-76D3681E33D1} = {4EC49B46-2EE5-42E1-887B-76D3681E33D1}
	EndProjectSection
EndProject
Project("{FAE04EC0-301F-11D3-BF4B-00C04F79EFBC}") = "TIS.BL", "TIS.BL\TIS.BL.csproj", "{A4705C1C-64B3-4D70-A6A5-84628086A6AD}"
	ProjectSection(ProjectDependencies) = postProject
		{B5278012-7074-440E-B15D-1125A3CB58E7} = {B5278012-7074-440E-B15D-1125A3CB58E7}
		{69074938-9E8F-478A-BCC7-0133980E6DDB} = {69074938-9E8F-478A-BCC7-0133980E6DDB}
		{4EC49B46-2EE5-42E1-887B-76D3681E33D1} = {4EC49B46-2EE5-42E1-887B-76D3681E33D1}
		{7592A856-E0D9-4997-A601-DF7058434DF0} = {7592A856-E0D9-4997-A601-DF7058434DF0}
	EndProjectSection
EndProject
Project("{FAE04EC0-301F-11D3-BF4B-00C04F79EFBC}") = "TIS.Client", "TIS.Client\TIS.Client.csproj", "{2BD9A81F-8A43-45B5-945F-0E83D7B539EA}"
	ProjectSection(ProjectDependencies) = postProject
		{B5278012-7074-440E-B15D-1125A3CB58E7} = {B5278012-7074-440E-B15D-1125A3CB58E7}
		{A4705C1C-64B3-4D70-A6A5-84628086A6AD} = {A4705C1C-64B3-4D70-A6A5-84628086A6AD}
		{4EC49B46-2EE5-42E1-887B-76D3681E33D1} = {4EC49B46-2EE5-42E1-887B-76D3681E33D1}
		{7592A856-E0D9-4997-A601-DF7058434DF0} = {7592A856-E0D9-4997-A601-DF7058434DF0}
	EndProjectSection
EndProject
Project("{FAE04EC0-301F-11D3-BF4B-00C04F79EFBC}") = "TIS.Outlook", "TIS.Outlook\TIS.Outlook.csproj", "{25F636DA-C9C7-49D2-92C0-8AFD8AF209D7}"
	ProjectSection(ProjectDependencies) = postProject
		{A4705C1C-64B3-4D70-A6A5-84628086A6AD} = {A4705C1C-64B3-4D70-A6A5-84628086A6AD}
		{2BD9A81F-8A43-45B5-945F-0E83D7B539EA} = {2BD9A81F-8A43-45B5-945F-0E83D7B539EA}
		{69074938-9E8F-478A-BCC7-0133980E6DDB} = {69074938-9E8F-478A-BCC7-0133980E6DDB}
		{4EC49B46-2EE5-42E1-887B-76D3681E33D1} = {4EC49B46-2EE5-42E1-887B-76D3681E33D1}
		{7592A856-E0D9-4997-A601-DF7058434DF0} = {7592A856-E0D9-4997-A601-DF7058434DF0}
	EndProjectSection
EndProject
Project("{FAE04EC0-301F-11D3-BF4B-00C04F79EFBC}") = "TIS.Outlook2007", "TIS.Outlook2007\TIS.Outlook2007.csproj", "{B405C60D-1010-462D-814A-2C91680171B4}"
	ProjectSection(ProjectDependencies) = postProject
		{A4705C1C-64B3-4D70-A6A5-84628086A6AD} = {A4705C1C-64B3-4D70-A6A5-84628086A6AD}
		{2BD9A81F-8A43-45B5-945F-0E83D7B539EA} = {2BD9A81F-8A43-45B5-945F-0E83D7B539EA}
		{69074938-9E8F-478A-BCC7-0133980E6DDB} = {69074938-9E8F-478A-BCC7-0133980E6DDB}
		{4EC49B46-2EE5-42E1-887B-76D3681E33D1} = {4EC49B46-2EE5-42E1-887B-76D3681E33D1}
		{7592A856-E0D9-4997-A601-DF7058434DF0} = {7592A856-E0D9-4997-A601-DF7058434DF0}
	EndProjectSection
EndProject
Project("{FAE04EC0-301F-11D3-BF4B-00C04F79EFBC}") = "TIS.Model", "TIS.Model\TIS.Model.csproj", "{B5278012-7074-440E-B15D-1125A3CB58E7}"
EndProject
Project("{6141683F-8A12-4E36-9623-2EB02B2C2303}") = "TIS.SETUP.PROD", "TIS.SETUP.PROD\TIS.SETUP.PROD.isproj", "{917B5B34-7AA2-4C7D-8D1C-4A1EC9EDF0C6}"
	ProjectSection(ProjectDependencies) = postProject
		{2BD9A81F-8A43-45B5-945F-0E83D7B539EA} = {2BD9A81F-8A43-45B5-945F-0E83D7B539EA}
	EndProjectSection
EndProject
Global
	GlobalSection(TeamFoundationVersionControl) = preSolution
		SccNumberOfProjects = 10
		SccEnterpriseProvider = {4CA58AB2-18FA-4F8D-95D4-32DDF27D184C}
		SccTeamFoundationServer = https://e-minds.visualstudio.com/defaultcollection
		SccProjectUniqueName0 = TIS.Outlook2007\\TIS.Outlook2007.csproj
		SccProjectTopLevelParentUniqueName0 = TIS.sln
		SccProjectName0 = TIS.Outlook2007
		SccLocalPath0 = TIS.Outlook2007
		SccProjectUniqueName1 = TIS.Outlook\\TIS.Outlook.csproj
		SccProjectTopLevelParentUniqueName1 = TIS.sln
		SccProjectName1 = TIS.Outlook
		SccLocalPath1 = TIS.Outlook
		SccLocalPath2 = .
		SccProjectUniqueName3 = TIS.BL\\TIS.BL.csproj
		SccProjectTopLevelParentUniqueName3 = TIS.sln
		SccProjectName3 = TIS.BL
		SccLocalPath3 = TIS.BL
		SccProjectUniqueName4 = TIS.Client\\TIS.Client.csproj
		SccProjectTopLevelParentUniqueName4 = TIS.sln
		SccProjectName4 = TIS.Client
		SccLocalPath4 = TIS.Client
		SccProjectUniqueName5 = TIS.DATA\\TIS.DATA.csproj
		SccProjectTopLevelParentUniqueName5 = TIS.sln
		SccProjectName5 = TIS.DATA
		SccLocalPath5 = TIS.DATA
		SccProjectUniqueName6 = TIS.DL\\TIS.DL.csproj
		SccProjectTopLevelParentUniqueName6 = TIS.sln
		SccProjectName6 = TIS.DL
		SccLocalPath6 = TIS.DL
		SccProjectUniqueName7 = TIS.Framework\\TIS.Framework.csproj
		SccProjectTopLevelParentUniqueName7 = TIS.sln
		SccProjectName7 = TIS.Framework
		SccLocalPath7 = TIS.Framework
		SccProjectUniqueName8 = TIS.Model\\TIS.Model.csproj
		SccProjectTopLevelParentUniqueName8 = TIS.sln
		SccProjectName8 = TIS.Model
		SccLocalPath8 = TIS.Model
		SccProjectUniqueName9 = TIS.SETUP.PROD\\TIS.SETUP.PROD.isproj
		SccProjectTopLevelParentUniqueName9 = TIS.sln
		SccProjectName9 = TIS.SETUP.PROD
		SccLocalPath9 = TIS.SETUP.PROD
	EndGlobalSection
	GlobalSection(SolutionConfigurationPlatforms) = preSolution
		CD_ROM|Any CPU = CD_ROM|Any CPU
		CD_ROM|Mixed Platforms = CD_ROM|Mixed Platforms
		CD_ROM|x86 = CD_ROM|x86
		Debug|Any CPU = Debug|Any CPU
		Debug|Mixed Platforms = Debug|Mixed Platforms
		Debug|x86 = Debug|x86
		DVD-5|Any CPU = DVD-5|Any CPU
		DVD-5|Mixed Platforms = DVD-5|Mixed Platforms
		DVD-5|x86 = DVD-5|x86
		Release|Any CPU = Release|Any CPU
		Release|Mixed Platforms = Release|Mixed Platforms
		Release|x86 = Release|x86
		SingleImage|Any CPU = SingleImage|Any CPU
		SingleImage|Mixed Platforms = SingleImage|Mixed Platforms
		SingleImage|x86 = SingleImage|x86
	EndGlobalSection
	GlobalSection(ProjectConfigurationPlatforms) = postSolution
		{4EC49B46-2EE5-42E1-887B-76D3681E33D1}.CD_ROM|Any CPU.ActiveCfg = Release|Any CPU
		{4EC49B46-2EE5-42E1-887B-76D3681E33D1}.CD_ROM|Any CPU.Build.0 = Release|Any CPU
		{4EC49B46-2EE5-42E1-887B-76D3681E33D1}.CD_ROM|Mixed Platforms.ActiveCfg = Release|x86
		{4EC49B46-2EE5-42E1-887B-76D3681E33D1}.CD_ROM|Mixed Platforms.Build.0 = Release|x86
		{4EC49B46-2EE5-42E1-887B-76D3681E33D1}.CD_ROM|x86.ActiveCfg = Release|x86
		{4EC49B46-2EE5-42E1-887B-76D3681E33D1}.CD_ROM|x86.Build.0 = Release|x86
		{4EC49B46-2EE5-42E1-887B-76D3681E33D1}.Debug|Any CPU.ActiveCfg = Debug|Any CPU
		{4EC49B46-2EE5-42E1-887B-76D3681E33D1}.Debug|Any CPU.Build.0 = Debug|Any CPU
		{4EC49B46-2EE5-42E1-887B-76D3681E33D1}.Debug|Mixed Platforms.ActiveCfg = Debug|Any CPU
		{4EC49B46-2EE5-42E1-887B-76D3681E33D1}.Debug|Mixed Platforms.Build.0 = Debug|Any CPU
		{4EC49B46-2EE5-42E1-887B-76D3681E33D1}.Debug|x86.ActiveCfg = Debug|x86
		{4EC49B46-2EE5-42E1-887B-76D3681E33D1}.Debug|x86.Build.0 = Debug|x86
		{4EC49B46-2EE5-42E1-887B-76D3681E33D1}.DVD-5|Any CPU.ActiveCfg = Debug|Any CPU
		{4EC49B46-2EE5-42E1-887B-76D3681E33D1}.DVD-5|Any CPU.Build.0 = Debug|Any CPU
		{4EC49B46-2EE5-42E1-887B-76D3681E33D1}.DVD-5|Mixed Platforms.ActiveCfg = Debug|x86
		{4EC49B46-2EE5-42E1-887B-76D3681E33D1}.DVD-5|Mixed Platforms.Build.0 = Debug|x86
		{4EC49B46-2EE5-42E1-887B-76D3681E33D1}.DVD-5|x86.ActiveCfg = Debug|x86
		{4EC49B46-2EE5-42E1-887B-76D3681E33D1}.DVD-5|x86.Build.0 = Debug|x86
		{4EC49B46-2EE5-42E1-887B-76D3681E33D1}.Release|Any CPU.ActiveCfg = Release|Any CPU
		{4EC49B46-2EE5-42E1-887B-76D3681E33D1}.Release|Any CPU.Build.0 = Release|Any CPU
		{4EC49B46-2EE5-42E1-887B-76D3681E33D1}.Release|Mixed Platforms.ActiveCfg = Release|Any CPU
		{4EC49B46-2EE5-42E1-887B-76D3681E33D1}.Release|Mixed Platforms.Build.0 = Release|Any CPU
		{4EC49B46-2EE5-42E1-887B-76D3681E33D1}.Release|x86.ActiveCfg = Release|Any CPU
		{4EC49B46-2EE5-42E1-887B-76D3681E33D1}.SingleImage|Any CPU.ActiveCfg = Release|Any CPU
		{4EC49B46-2EE5-42E1-887B-76D3681E33D1}.SingleImage|Any CPU.Build.0 = Release|Any CPU
		{4EC49B46-2EE5-42E1-887B-76D3681E33D1}.SingleImage|Mixed Platforms.ActiveCfg = Release|x86
		{4EC49B46-2EE5-42E1-887B-76D3681E33D1}.SingleImage|Mixed Platforms.Build.0 = Release|x86
		{4EC49B46-2EE5-42E1-887B-76D3681E33D1}.SingleImage|x86.ActiveCfg = Release|x86
		{4EC49B46-2EE5-42E1-887B-76D3681E33D1}.SingleImage|x86.Build.0 = Release|x86
		{69074938-9E8F-478A-BCC7-0133980E6DDB}.CD_ROM|Any CPU.ActiveCfg = Release|Any CPU
		{69074938-9E8F-478A-BCC7-0133980E6DDB}.CD_ROM|Any CPU.Build.0 = Release|Any CPU
		{69074938-9E8F-478A-BCC7-0133980E6DDB}.CD_ROM|Mixed Platforms.ActiveCfg = Release|x86
		{69074938-9E8F-478A-BCC7-0133980E6DDB}.CD_ROM|Mixed Platforms.Build.0 = Release|x86
		{69074938-9E8F-478A-BCC7-0133980E6DDB}.CD_ROM|x86.ActiveCfg = Release|x86
		{69074938-9E8F-478A-BCC7-0133980E6DDB}.CD_ROM|x86.Build.0 = Release|x86
		{69074938-9E8F-478A-BCC7-0133980E6DDB}.Debug|Any CPU.ActiveCfg = Debug|Any CPU
		{69074938-9E8F-478A-BCC7-0133980E6DDB}.Debug|Any CPU.Build.0 = Debug|Any CPU
		{69074938-9E8F-478A-BCC7-0133980E6DDB}.Debug|Mixed Platforms.ActiveCfg = Debug|Any CPU
		{69074938-9E8F-478A-BCC7-0133980E6DDB}.Debug|Mixed Platforms.Build.0 = Debug|Any CPU
		{69074938-9E8F-478A-BCC7-0133980E6DDB}.Debug|x86.ActiveCfg = Debug|x86
		{69074938-9E8F-478A-BCC7-0133980E6DDB}.Debug|x86.Build.0 = Debug|x86
		{69074938-9E8F-478A-BCC7-0133980E6DDB}.DVD-5|Any CPU.ActiveCfg = Debug|Any CPU
		{69074938-9E8F-478A-BCC7-0133980E6DDB}.DVD-5|Any CPU.Build.0 = Debug|Any CPU
		{69074938-9E8F-478A-BCC7-0133980E6DDB}.DVD-5|Mixed Platforms.ActiveCfg = Debug|x86
		{69074938-9E8F-478A-BCC7-0133980E6DDB}.DVD-5|Mixed Platforms.Build.0 = Debug|x86
		{69074938-9E8F-478A-BCC7-0133980E6DDB}.DVD-5|x86.ActiveCfg = Debug|x86
		{69074938-9E8F-478A-BCC7-0133980E6DDB}.DVD-5|x86.Build.0 = Debug|x86
		{69074938-9E8F-478A-BCC7-0133980E6DDB}.Release|Any CPU.ActiveCfg = Release|Any CPU
		{69074938-9E8F-478A-BCC7-0133980E6DDB}.Release|Any CPU.Build.0 = Release|Any CPU
		{69074938-9E8F-478A-BCC7-0133980E6DDB}.Release|Mixed Platforms.ActiveCfg = Release|Any CPU
		{69074938-9E8F-478A-BCC7-0133980E6DDB}.Release|Mixed Platforms.Build.0 = Release|Any CPU
		{69074938-9E8F-478A-BCC7-0133980E6DDB}.Release|x86.ActiveCfg = Release|Any CPU
		{69074938-9E8F-478A-BCC7-0133980E6DDB}.SingleImage|Any CPU.ActiveCfg = Release|Any CPU
		{69074938-9E8F-478A-BCC7-0133980E6DDB}.SingleImage|Any CPU.Build.0 = Release|Any CPU
		{69074938-9E8F-478A-BCC7-0133980E6DDB}.SingleImage|Mixed Platforms.ActiveCfg = Release|x86
		{69074938-9E8F-478A-BCC7-0133980E6DDB}.SingleImage|Mixed Platforms.Build.0 = Release|x86
		{69074938-9E8F-478A-BCC7-0133980E6DDB}.SingleImage|x86.ActiveCfg = Release|x86
		{69074938-9E8F-478A-BCC7-0133980E6DDB}.SingleImage|x86.Build.0 = Release|x86
		{7592A856-E0D9-4997-A601-DF7058434DF0}.CD_ROM|Any CPU.ActiveCfg = Release|Any CPU
		{7592A856-E0D9-4997-A601-DF7058434DF0}.CD_ROM|Any CPU.Build.0 = Release|Any CPU
		{7592A856-E0D9-4997-A601-DF7058434DF0}.CD_ROM|Mixed Platforms.ActiveCfg = Release|x86
		{7592A856-E0D9-4997-A601-DF7058434DF0}.CD_ROM|Mixed Platforms.Build.0 = Release|x86
		{7592A856-E0D9-4997-A601-DF7058434DF0}.CD_ROM|x86.ActiveCfg = Release|x86
		{7592A856-E0D9-4997-A601-DF7058434DF0}.CD_ROM|x86.Build.0 = Release|x86
		{7592A856-E0D9-4997-A601-DF7058434DF0}.Debug|Any CPU.ActiveCfg = Debug|Any CPU
		{7592A856-E0D9-4997-A601-DF7058434DF0}.Debug|Any CPU.Build.0 = Debug|Any CPU
		{7592A856-E0D9-4997-A601-DF7058434DF0}.Debug|Mixed Platforms.ActiveCfg = Debug|Any CPU
		{7592A856-E0D9-4997-A601-DF7058434DF0}.Debug|Mixed Platforms.Build.0 = Debug|Any CPU
		{7592A856-E0D9-4997-A601-DF7058434DF0}.Debug|x86.ActiveCfg = Debug|x86
		{7592A856-E0D9-4997-A601-DF7058434DF0}.Debug|x86.Build.0 = Debug|x86
		{7592A856-E0D9-4997-A601-DF7058434DF0}.DVD-5|Any CPU.ActiveCfg = Debug|Any CPU
		{7592A856-E0D9-4997-A601-DF7058434DF0}.DVD-5|Any CPU.Build.0 = Debug|Any CPU
		{7592A856-E0D9-4997-A601-DF7058434DF0}.DVD-5|Mixed Platforms.ActiveCfg = Debug|x86
		{7592A856-E0D9-4997-A601-DF7058434DF0}.DVD-5|Mixed Platforms.Build.0 = Debug|x86
		{7592A856-E0D9-4997-A601-DF7058434DF0}.DVD-5|x86.ActiveCfg = Debug|x86
		{7592A856-E0D9-4997-A601-DF7058434DF0}.DVD-5|x86.Build.0 = Debug|x86
		{7592A856-E0D9-4997-A601-DF7058434DF0}.Release|Any CPU.ActiveCfg = Release|Any CPU
		{7592A856-E0D9-4997-A601-DF7058434DF0}.Release|Any CPU.Build.0 = Release|Any CPU
		{7592A856-E0D9-4997-A601-DF7058434DF0}.Release|Mixed Platforms.ActiveCfg = Release|Any CPU
		{7592A856-E0D9-4997-A601-DF7058434DF0}.Release|Mixed Platforms.Build.0 = Release|Any CPU
		{7592A856-E0D9-4997-A601-DF7058434DF0}.Release|x86.ActiveCfg = Release|Any CPU
		{7592A856-E0D9-4997-A601-DF7058434DF0}.SingleImage|Any CPU.ActiveCfg = Release|Any CPU
		{7592A856-E0D9-4997-A601-DF7058434DF0}.SingleImage|Any CPU.Build.0 = Release|Any CPU
		{7592A856-E0D9-4997-A601-DF7058434DF0}.SingleImage|Mixed Platforms.ActiveCfg = Release|x86
		{7592A856-E0D9-4997-A601-DF7058434DF0}.SingleImage|Mixed Platforms.Build.0 = Release|x86
		{7592A856-E0D9-4997-A601-DF7058434DF0}.SingleImage|x86.ActiveCfg = Release|x86
		{7592A856-E0D9-4997-A601-DF7058434DF0}.SingleImage|x86.Build.0 = Release|x86
		{A4705C1C-64B3-4D70-A6A5-84628086A6AD}.CD_ROM|Any CPU.ActiveCfg = Release|Any CPU
		{A4705C1C-64B3-4D70-A6A5-84628086A6AD}.CD_ROM|Any CPU.Build.0 = Release|Any CPU
		{A4705C1C-64B3-4D70-A6A5-84628086A6AD}.CD_ROM|Mixed Platforms.ActiveCfg = Release|x86
		{A4705C1C-64B3-4D70-A6A5-84628086A6AD}.CD_ROM|Mixed Platforms.Build.0 = Release|x86
		{A4705C1C-64B3-4D70-A6A5-84628086A6AD}.CD_ROM|x86.ActiveCfg = Release|x86
		{A4705C1C-64B3-4D70-A6A5-84628086A6AD}.CD_ROM|x86.Build.0 = Release|x86
		{A4705C1C-64B3-4D70-A6A5-84628086A6AD}.Debug|Any CPU.ActiveCfg = Debug|Any CPU
		{A4705C1C-64B3-4D70-A6A5-84628086A6AD}.Debug|Any CPU.Build.0 = Debug|Any CPU
		{A4705C1C-64B3-4D70-A6A5-84628086A6AD}.Debug|Mixed Platforms.ActiveCfg = Debug|Any CPU
		{A4705C1C-64B3-4D70-A6A5-84628086A6AD}.Debug|Mixed Platforms.Build.0 = Debug|Any CPU
		{A4705C1C-64B3-4D70-A6A5-84628086A6AD}.Debug|x86.ActiveCfg = Debug|x86
		{A4705C1C-64B3-4D70-A6A5-84628086A6AD}.Debug|x86.Build.0 = Debug|x86
		{A4705C1C-64B3-4D70-A6A5-84628086A6AD}.DVD-5|Any CPU.ActiveCfg = Debug|Any CPU
		{A4705C1C-64B3-4D70-A6A5-84628086A6AD}.DVD-5|Any CPU.Build.0 = Debug|Any CPU
		{A4705C1C-64B3-4D70-A6A5-84628086A6AD}.DVD-5|Mixed Platforms.ActiveCfg = Debug|x86
		{A4705C1C-64B3-4D70-A6A5-84628086A6AD}.DVD-5|Mixed Platforms.Build.0 = Debug|x86
		{A4705C1C-64B3-4D70-A6A5-84628086A6AD}.DVD-5|x86.ActiveCfg = Debug|x86
		{A4705C1C-64B3-4D70-A6A5-84628086A6AD}.DVD-5|x86.Build.0 = Debug|x86
		{A4705C1C-64B3-4D70-A6A5-84628086A6AD}.Release|Any CPU.ActiveCfg = Release|Any CPU
		{A4705C1C-64B3-4D70-A6A5-84628086A6AD}.Release|Any CPU.Build.0 = Release|Any CPU
		{A4705C1C-64B3-4D70-A6A5-84628086A6AD}.Release|Mixed Platforms.ActiveCfg = Release|Any CPU
		{A4705C1C-64B3-4D70-A6A5-84628086A6AD}.Release|Mixed Platforms.Build.0 = Release|Any CPU
		{A4705C1C-64B3-4D70-A6A5-84628086A6AD}.Release|x86.ActiveCfg = Release|Any CPU
		{A4705C1C-64B3-4D70-A6A5-84628086A6AD}.SingleImage|Any CPU.ActiveCfg = Release|Any CPU
		{A4705C1C-64B3-4D70-A6A5-84628086A6AD}.SingleImage|Any CPU.Build.0 = Release|Any CPU
		{A4705C1C-64B3-4D70-A6A5-84628086A6AD}.SingleImage|Mixed Platforms.ActiveCfg = Release|x86
		{A4705C1C-64B3-4D70-A6A5-84628086A6AD}.SingleImage|Mixed Platforms.Build.0 = Release|x86
		{A4705C1C-64B3-4D70-A6A5-84628086A6AD}.SingleImage|x86.ActiveCfg = Release|x86
		{A4705C1C-64B3-4D70-A6A5-84628086A6AD}.SingleImage|x86.Build.0 = Release|x86
		{2BD9A81F-8A43-45B5-945F-0E83D7B539EA}.CD_ROM|Any CPU.ActiveCfg = Release|x86
		{2BD9A81F-8A43-45B5-945F-0E83D7B539EA}.CD_ROM|Mixed Platforms.ActiveCfg = Release|x86
		{2BD9A81F-8A43-45B5-945F-0E83D7B539EA}.CD_ROM|Mixed Platforms.Build.0 = Release|x86
		{2BD9A81F-8A43-45B5-945F-0E83D7B539EA}.CD_ROM|x86.ActiveCfg = Release|x86
		{2BD9A81F-8A43-45B5-945F-0E83D7B539EA}.CD_ROM|x86.Build.0 = Release|x86
		{2BD9A81F-8A43-45B5-945F-0E83D7B539EA}.Debug|Any CPU.ActiveCfg = Debug|x86
		{2BD9A81F-8A43-45B5-945F-0E83D7B539EA}.Debug|Mixed Platforms.ActiveCfg = Debug|x86
		{2BD9A81F-8A43-45B5-945F-0E83D7B539EA}.Debug|Mixed Platforms.Build.0 = Debug|x86
		{2BD9A81F-8A43-45B5-945F-0E83D7B539EA}.Debug|x86.ActiveCfg = Debug|x86
		{2BD9A81F-8A43-45B5-945F-0E83D7B539EA}.Debug|x86.Build.0 = Debug|x86
		{2BD9A81F-8A43-45B5-945F-0E83D7B539EA}.DVD-5|Any CPU.ActiveCfg = Debug|x86
		{2BD9A81F-8A43-45B5-945F-0E83D7B539EA}.DVD-5|Mixed Platforms.ActiveCfg = Debug|x86
		{2BD9A81F-8A43-45B5-945F-0E83D7B539EA}.DVD-5|Mixed Platforms.Build.0 = Debug|x86
		{2BD9A81F-8A43-45B5-945F-0E83D7B539EA}.DVD-5|x86.ActiveCfg = Debug|x86
		{2BD9A81F-8A43-45B5-945F-0E83D7B539EA}.DVD-5|x86.Build.0 = Debug|x86
		{2BD9A81F-8A43-45B5-945F-0E83D7B539EA}.Release|Any CPU.ActiveCfg = Release|x86
		{2BD9A81F-8A43-45B5-945F-0E83D7B539EA}.Release|Mixed Platforms.ActiveCfg = Release|x86
		{2BD9A81F-8A43-45B5-945F-0E83D7B539EA}.Release|Mixed Platforms.Build.0 = Release|x86
		{2BD9A81F-8A43-45B5-945F-0E83D7B539EA}.Release|x86.ActiveCfg = Release|x86
		{2BD9A81F-8A43-45B5-945F-0E83D7B539EA}.Release|x86.Build.0 = Release|x86
		{2BD9A81F-8A43-45B5-945F-0E83D7B539EA}.SingleImage|Any CPU.ActiveCfg = Release|x86
		{2BD9A81F-8A43-45B5-945F-0E83D7B539EA}.SingleImage|Mixed Platforms.ActiveCfg = Release|x86
		{2BD9A81F-8A43-45B5-945F-0E83D7B539EA}.SingleImage|Mixed Platforms.Build.0 = Release|x86
		{2BD9A81F-8A43-45B5-945F-0E83D7B539EA}.SingleImage|x86.ActiveCfg = Release|x86
		{2BD9A81F-8A43-45B5-945F-0E83D7B539EA}.SingleImage|x86.Build.0 = Release|x86
		{25F636DA-C9C7-49D2-92C0-8AFD8AF209D7}.CD_ROM|Any CPU.ActiveCfg = Release|Any CPU
		{25F636DA-C9C7-49D2-92C0-8AFD8AF209D7}.CD_ROM|Any CPU.Build.0 = Release|Any CPU
		{25F636DA-C9C7-49D2-92C0-8AFD8AF209D7}.CD_ROM|Mixed Platforms.ActiveCfg = Release|x86
		{25F636DA-C9C7-49D2-92C0-8AFD8AF209D7}.CD_ROM|Mixed Platforms.Build.0 = Release|x86
		{25F636DA-C9C7-49D2-92C0-8AFD8AF209D7}.CD_ROM|x86.ActiveCfg = Release|x86
		{25F636DA-C9C7-49D2-92C0-8AFD8AF209D7}.CD_ROM|x86.Build.0 = Release|x86
		{25F636DA-C9C7-49D2-92C0-8AFD8AF209D7}.Debug|Any CPU.ActiveCfg = Debug|Any CPU
		{25F636DA-C9C7-49D2-92C0-8AFD8AF209D7}.Debug|Any CPU.Build.0 = Debug|Any CPU
		{25F636DA-C9C7-49D2-92C0-8AFD8AF209D7}.Debug|Mixed Platforms.ActiveCfg = Debug|Any CPU
		{25F636DA-C9C7-49D2-92C0-8AFD8AF209D7}.Debug|x86.ActiveCfg = Debug|x86
		{25F636DA-C9C7-49D2-92C0-8AFD8AF209D7}.DVD-5|Any CPU.ActiveCfg = Debug|Any CPU
		{25F636DA-C9C7-49D2-92C0-8AFD8AF209D7}.DVD-5|Any CPU.Build.0 = Debug|Any CPU
		{25F636DA-C9C7-49D2-92C0-8AFD8AF209D7}.DVD-5|Mixed Platforms.ActiveCfg = Debug|x86
		{25F636DA-C9C7-49D2-92C0-8AFD8AF209D7}.DVD-5|Mixed Platforms.Build.0 = Debug|x86
		{25F636DA-C9C7-49D2-92C0-8AFD8AF209D7}.DVD-5|x86.ActiveCfg = Debug|x86
		{25F636DA-C9C7-49D2-92C0-8AFD8AF209D7}.DVD-5|x86.Build.0 = Debug|x86
		{25F636DA-C9C7-49D2-92C0-8AFD8AF209D7}.Release|Any CPU.ActiveCfg = Release|Any CPU
		{25F636DA-C9C7-49D2-92C0-8AFD8AF209D7}.Release|Any CPU.Build.0 = Release|Any CPU
		{25F636DA-C9C7-49D2-92C0-8AFD8AF209D7}.Release|Mixed Platforms.ActiveCfg = Release|Any CPU
		{25F636DA-C9C7-49D2-92C0-8AFD8AF209D7}.Release|Mixed Platforms.Build.0 = Release|Any CPU
		{25F636DA-C9C7-49D2-92C0-8AFD8AF209D7}.Release|x86.ActiveCfg = Release|Any CPU
		{25F636DA-C9C7-49D2-92C0-8AFD8AF209D7}.SingleImage|Any CPU.ActiveCfg = Release|Any CPU
		{25F636DA-C9C7-49D2-92C0-8AFD8AF209D7}.SingleImage|Any CPU.Build.0 = Release|Any CPU
		{25F636DA-C9C7-49D2-92C0-8AFD8AF209D7}.SingleImage|Mixed Platforms.ActiveCfg = Release|x86
		{25F636DA-C9C7-49D2-92C0-8AFD8AF209D7}.SingleImage|Mixed Platforms.Build.0 = Release|x86
		{25F636DA-C9C7-49D2-92C0-8AFD8AF209D7}.SingleImage|x86.ActiveCfg = Release|x86
		{25F636DA-C9C7-49D2-92C0-8AFD8AF209D7}.SingleImage|x86.Build.0 = Release|x86
		{B405C60D-1010-462D-814A-2C91680171B4}.CD_ROM|Any CPU.ActiveCfg = Release|Any CPU
		{B405C60D-1010-462D-814A-2C91680171B4}.CD_ROM|Any CPU.Build.0 = Release|Any CPU
		{B405C60D-1010-462D-814A-2C91680171B4}.CD_ROM|Mixed Platforms.ActiveCfg = Release|x86
		{B405C60D-1010-462D-814A-2C91680171B4}.CD_ROM|Mixed Platforms.Build.0 = Release|x86
		{B405C60D-1010-462D-814A-2C91680171B4}.CD_ROM|x86.ActiveCfg = Release|x86
		{B405C60D-1010-462D-814A-2C91680171B4}.CD_ROM|x86.Build.0 = Release|x86
		{B405C60D-1010-462D-814A-2C91680171B4}.Debug|Any CPU.ActiveCfg = Debug|Any CPU
		{B405C60D-1010-462D-814A-2C91680171B4}.Debug|Any CPU.Build.0 = Debug|Any CPU
		{B405C60D-1010-462D-814A-2C91680171B4}.Debug|Mixed Platforms.ActiveCfg = Debug|x86
		{B405C60D-1010-462D-814A-2C91680171B4}.Debug|x86.ActiveCfg = Debug|x86
		{B405C60D-1010-462D-814A-2C91680171B4}.DVD-5|Any CPU.ActiveCfg = Debug|Any CPU
		{B405C60D-1010-462D-814A-2C91680171B4}.DVD-5|Any CPU.Build.0 = Debug|Any CPU
		{B405C60D-1010-462D-814A-2C91680171B4}.DVD-5|Mixed Platforms.ActiveCfg = Debug|x86
		{B405C60D-1010-462D-814A-2C91680171B4}.DVD-5|Mixed Platforms.Build.0 = Debug|x86
		{B405C60D-1010-462D-814A-2C91680171B4}.DVD-5|x86.ActiveCfg = Debug|x86
		{B405C60D-1010-462D-814A-2C91680171B4}.DVD-5|x86.Build.0 = Debug|x86
		{B405C60D-1010-462D-814A-2C91680171B4}.Release|Any CPU.ActiveCfg = Release|Any CPU
		{B405C60D-1010-462D-814A-2C91680171B4}.Release|Any CPU.Build.0 = Release|Any CPU
		{B405C60D-1010-462D-814A-2C91680171B4}.Release|Mixed Platforms.ActiveCfg = Release|Any CPU
		{B405C60D-1010-462D-814A-2C91680171B4}.Release|Mixed Platforms.Build.0 = Release|Any CPU
		{B405C60D-1010-462D-814A-2C91680171B4}.Release|x86.ActiveCfg = Release|Any CPU
		{B405C60D-1010-462D-814A-2C91680171B4}.SingleImage|Any CPU.ActiveCfg = Release|Any CPU
		{B405C60D-1010-462D-814A-2C91680171B4}.SingleImage|Any CPU.Build.0 = Release|Any CPU
		{B405C60D-1010-462D-814A-2C91680171B4}.SingleImage|Mixed Platforms.ActiveCfg = Release|x86
		{B405C60D-1010-462D-814A-2C91680171B4}.SingleImage|Mixed Platforms.Build.0 = Release|x86
		{B405C60D-1010-462D-814A-2C91680171B4}.SingleImage|x86.ActiveCfg = Release|x86
		{B405C60D-1010-462D-814A-2C91680171B4}.SingleImage|x86.Build.0 = Release|x86
		{B5278012-7074-440E-B15D-1125A3CB58E7}.CD_ROM|Any CPU.ActiveCfg = Release|Any CPU
		{B5278012-7074-440E-B15D-1125A3CB58E7}.CD_ROM|Any CPU.Build.0 = Release|Any CPU
		{B5278012-7074-440E-B15D-1125A3CB58E7}.CD_ROM|Mixed Platforms.ActiveCfg = Release|Any CPU
		{B5278012-7074-440E-B15D-1125A3CB58E7}.CD_ROM|Mixed Platforms.Build.0 = Release|Any CPU
		{B5278012-7074-440E-B15D-1125A3CB58E7}.CD_ROM|x86.ActiveCfg = Release|Any CPU
		{B5278012-7074-440E-B15D-1125A3CB58E7}.Debug|Any CPU.ActiveCfg = Debug|Any CPU
		{B5278012-7074-440E-B15D-1125A3CB58E7}.Debug|Any CPU.Build.0 = Debug|Any CPU
		{B5278012-7074-440E-B15D-1125A3CB58E7}.Debug|Mixed Platforms.ActiveCfg = Debug|Any CPU
		{B5278012-7074-440E-B15D-1125A3CB58E7}.Debug|Mixed Platforms.Build.0 = Debug|Any CPU
		{B5278012-7074-440E-B15D-1125A3CB58E7}.Debug|x86.ActiveCfg = Debug|Any CPU
		{B5278012-7074-440E-B15D-1125A3CB58E7}.DVD-5|Any CPU.ActiveCfg = Debug|Any CPU
		{B5278012-7074-440E-B15D-1125A3CB58E7}.DVD-5|Any CPU.Build.0 = Debug|Any CPU
		{B5278012-7074-440E-B15D-1125A3CB58E7}.DVD-5|Mixed Platforms.ActiveCfg = Debug|Any CPU
		{B5278012-7074-440E-B15D-1125A3CB58E7}.DVD-5|Mixed Platforms.Build.0 = Debug|Any CPU
		{B5278012-7074-440E-B15D-1125A3CB58E7}.DVD-5|x86.ActiveCfg = Debug|Any CPU
		{B5278012-7074-440E-B15D-1125A3CB58E7}.Release|Any CPU.ActiveCfg = Release|Any CPU
		{B5278012-7074-440E-B15D-1125A3CB58E7}.Release|Any CPU.Build.0 = Release|Any CPU
		{B5278012-7074-440E-B15D-1125A3CB58E7}.Release|Mixed Platforms.ActiveCfg = Release|Any CPU
		{B5278012-7074-440E-B15D-1125A3CB58E7}.Release|Mixed Platforms.Build.0 = Release|Any CPU
		{B5278012-7074-440E-B15D-1125A3CB58E7}.Release|x86.ActiveCfg = Release|Any CPU
		{B5278012-7074-440E-B15D-1125A3CB58E7}.SingleImage|Any CPU.ActiveCfg = Release|Any CPU
		{B5278012-7074-440E-B15D-1125A3CB58E7}.SingleImage|Any CPU.Build.0 = Release|Any CPU
		{B5278012-7074-440E-B15D-1125A3CB58E7}.SingleImage|Mixed Platforms.ActiveCfg = Release|Any CPU
		{B5278012-7074-440E-B15D-1125A3CB58E7}.SingleImage|Mixed Platforms.Build.0 = Release|Any CPU
		{B5278012-7074-440E-B15D-1125A3CB58E7}.SingleImage|x86.ActiveCfg = Release|Any CPU
		{917B5B34-7AA2-4C7D-8D1C-4A1EC9EDF0C6}.CD_ROM|Any CPU.ActiveCfg = CD_ROM
		{917B5B34-7AA2-4C7D-8D1C-4A1EC9EDF0C6}.CD_ROM|Any CPU.Build.0 = CD_ROM
		{917B5B34-7AA2-4C7D-8D1C-4A1EC9EDF0C6}.CD_ROM|Mixed Platforms.ActiveCfg = CD_ROM
		{917B5B34-7AA2-4C7D-8D1C-4A1EC9EDF0C6}.CD_ROM|Mixed Platforms.Build.0 = CD_ROM
		{917B5B34-7AA2-4C7D-8D1C-4A1EC9EDF0C6}.CD_ROM|x86.ActiveCfg = CD_ROM
		{917B5B34-7AA2-4C7D-8D1C-4A1EC9EDF0C6}.CD_ROM|x86.Build.0 = CD_ROM
		{917B5B34-7AA2-4C7D-8D1C-4A1EC9EDF0C6}.Debug|Any CPU.ActiveCfg = DVD-5
		{917B5B34-7AA2-4C7D-8D1C-4A1EC9EDF0C6}.Debug|Any CPU.Build.0 = DVD-5
		{917B5B34-7AA2-4C7D-8D1C-4A1EC9EDF0C6}.Debug|Mixed Platforms.ActiveCfg = DVD-5
		{917B5B34-7AA2-4C7D-8D1C-4A1EC9EDF0C6}.Debug|x86.ActiveCfg = DVD-5
		{917B5B34-7AA2-4C7D-8D1C-4A1EC9EDF0C6}.Debug|x86.Build.0 = DVD-5
		{917B5B34-7AA2-4C7D-8D1C-4A1EC9EDF0C6}.DVD-5|Any CPU.ActiveCfg = DVD-5
		{917B5B34-7AA2-4C7D-8D1C-4A1EC9EDF0C6}.DVD-5|Any CPU.Build.0 = DVD-5
		{917B5B34-7AA2-4C7D-8D1C-4A1EC9EDF0C6}.DVD-5|Mixed Platforms.ActiveCfg = DVD-5
		{917B5B34-7AA2-4C7D-8D1C-4A1EC9EDF0C6}.DVD-5|Mixed Platforms.Build.0 = DVD-5
		{917B5B34-7AA2-4C7D-8D1C-4A1EC9EDF0C6}.DVD-5|x86.ActiveCfg = DVD-5
		{917B5B34-7AA2-4C7D-8D1C-4A1EC9EDF0C6}.DVD-5|x86.Build.0 = DVD-5
		{917B5B34-7AA2-4C7D-8D1C-4A1EC9EDF0C6}.Release|Any CPU.ActiveCfg = SingleImage
		{917B5B34-7AA2-4C7D-8D1C-4A1EC9EDF0C6}.Release|Any CPU.Build.0 = SingleImage
		{917B5B34-7AA2-4C7D-8D1C-4A1EC9EDF0C6}.Release|Mixed Platforms.ActiveCfg = SingleImage
		{917B5B34-7AA2-4C7D-8D1C-4A1EC9EDF0C6}.Release|Mixed Platforms.Build.0 = SingleImage
		{917B5B34-7AA2-4C7D-8D1C-4A1EC9EDF0C6}.Release|x86.ActiveCfg = SingleImage
		{917B5B34-7AA2-4C7D-8D1C-4A1EC9EDF0C6}.Release|x86.Build.0 = SingleImage
		{917B5B34-7AA2-4C7D-8D1C-4A1EC9EDF0C6}.SingleImage|Any CPU.ActiveCfg = SingleImage
		{917B5B34-7AA2-4C7D-8D1C-4A1EC9EDF0C6}.SingleImage|Any CPU.Build.0 = SingleImage
		{917B5B34-7AA2-4C7D-8D1C-4A1EC9EDF0C6}.SingleImage|Mixed Platforms.ActiveCfg = SingleImage
		{917B5B34-7AA2-4C7D-8D1C-4A1EC9EDF0C6}.SingleImage|Mixed Platforms.Build.0 = SingleImage
		{917B5B34-7AA2-4C7D-8D1C-4A1EC9EDF0C6}.SingleImage|x86.ActiveCfg = SingleImage
		{917B5B34-7AA2-4C7D-8D1C-4A1EC9EDF0C6}.SingleImage|x86.Build.0 = SingleImage
	EndGlobalSection
	GlobalSection(SolutionProperties) = preSolution
		HideSolutionNode = FALSE
	EndGlobalSection
	GlobalSection(NestedProjects) = preSolution
		{2BD9A81F-8A43-45B5-945F-0E83D7B539EA} = {CD72ACAF-D3F9-40A4-8252-71B453A0CF25}
		{4EC49B46-2EE5-42E1-887B-76D3681E33D1} = {1A93E670-677E-4A67-8BAB-42FEC3217D10}
		{69074938-9E8F-478A-BCC7-0133980E6DDB} = {1A93E670-677E-4A67-8BAB-42FEC3217D10}
		{7592A856-E0D9-4997-A601-DF7058434DF0} = {1A93E670-677E-4A67-8BAB-42FEC3217D10}
		{A4705C1C-64B3-4D70-A6A5-84628086A6AD} = {1A93E670-677E-4A67-8BAB-42FEC3217D10}
		{B5278012-7074-440E-B15D-1125A3CB58E7} = {1A93E670-677E-4A67-8BAB-42FEC3217D10}
		{917B5B34-7AA2-4C7D-8D1C-4A1EC9EDF0C6} = {CFC96017-1C36-4109-8BB0-099857D272D2}
		{25F636DA-C9C7-49D2-92C0-8AFD8AF209D7} = {79ECA4C9-F726-4F02-874E-D8B045FA1EDF}
		{B405C60D-1010-462D-814A-2C91680171B4} = {79ECA4C9-F726-4F02-874E-D8B045FA1EDF}
	EndGlobalSection
EndGlobal
